
Microsoft Visual Studio Solution File, Format Version 12.00
# Visual Studio 15
Project("{FAE04EC0-301F-11D3-BF4B-00C04F79EFBC}") = "QPICalculatior.Android", "QPICalculatior.Android\QPICalculatior.Android.csproj", "{88FEEA27-AA21-4676-984B-92FF36A714D1}"
EndProject
Project("{FAE04EC0-301F-11D3-BF4B-00C04F79EFBC}") = "QPICalculatior.iOS", "QPICalculatior.iOS\QPICalculatior.iOS.csproj", "{19484A69-3F46-4C09-BB1C-AAE099C26EA5}"
EndProject
Project("{FAE04EC0-301F-11D3-BF4B-00C04F79EFBC}") = "QPICalculatior", "QPICalculatior\QPICalculatior.csproj", "{033E4BD7-8B99-4065-9A99-49C4FB8F8846}"
EndProject
Global
	GlobalSection(SolutionConfigurationPlatforms) = preSolution
		Debug|Any CPU = Debug|Any CPU
		Release|Any CPU = Release|Any CPU
		Debug|iPhoneSimulator = Debug|iPhoneSimulator
		Release|iPhoneSimulator = Release|iPhoneSimulator
		Debug|iPhone = Debug|iPhone
		Release|iPhone = Release|iPhone
		Ad-Hoc|iPhone = Ad-Hoc|iPhone
		AppStore|iPhone = AppStore|iPhone
	EndGlobalSection
	GlobalSection(ProjectConfigurationPlatforms) = postSolution
		{88FEEA27-AA21-4676-984B-92FF36A714D1}.Debug|Any CPU.ActiveCfg = Debug|Any CPU
		{88FEEA27-AA21-4676-984B-92FF36A714D1}.Debug|Any CPU.Build.0 = Debug|Any CPU
		{88FEEA27-AA21-4676-984B-92FF36A714D1}.Release|Any CPU.ActiveCfg = Release|Any CPU
		{88FEEA27-AA21-4676-984B-92FF36A714D1}.Release|Any CPU.Build.0 = Release|Any CPU
		{88FEEA27-AA21-4676-984B-92FF36A714D1}.Debug|iPhoneSimulator.ActiveCfg = Debug|Any CPU
		{88FEEA27-AA21-4676-984B-92FF36A714D1}.Debug|iPhoneSimulator.Build.0 = Debug|Any CPU
		{88FEEA27-AA21-4676-984B-92FF36A714D1}.Release|iPhoneSimulator.ActiveCfg = Release|Any CPU
		{88FEEA27-AA21-4676-984B-92FF36A714D1}.Release|iPhoneSimulator.Build.0 = Release|Any CPU
		{88FEEA27-AA21-4676-984B-92FF36A714D1}.Debug|iPhone.ActiveCfg = Debug|Any CPU
		{88FEEA27-AA21-4676-984B-92FF36A714D1}.Debug|iPhone.Build.0 = Debug|Any CPU
		{88FEEA27-AA21-4676-984B-92FF36A714D1}.Release|iPhone.ActiveCfg = Release|Any CPU
		{88FEEA27-AA21-4676-984B-92FF36A714D1}.Release|iPhone.Build.0 = Release|Any CPU
		{88FEEA27-AA21-4676-984B-92FF36A714D1}.Ad-Hoc|iPhone.ActiveCfg = Debug|Any CPU
		{88FEEA27-AA21-4676-984B-92FF36A714D1}.Ad-Hoc|iPhone.Build.0 = Debug|Any CPU
		{88FEEA27-AA21-4676-984B-92FF36A714D1}.AppStore|iPhone.ActiveCfg = Debug|Any CPU
		{88FEEA27-AA21-4676-984B-92FF36A714D1}.AppStore|iPhone.Build.0 = Debug|Any CPU
		{19484A69-3F46-4C09-BB1C-AAE099C26EA5}.Debug|Any CPU.ActiveCfg = Debug|iPhoneSimulator
		{19484A69-3F46-4C09-BB1C-AAE099C26EA5}.Debug|Any CPU.Build.0 = Debug|iPhoneSimulator
		{19484A69-3F46-4C09-BB1C-AAE099C26EA5}.Release|Any CPU.ActiveCfg = Release|iPhoneSimulator
		{19484A69-3F46-4C09-BB1C-AAE099C26EA5}.Release|Any CPU.Build.0 = Release|iPhoneSimulator
		{19484A69-3F46-4C09-BB1C-AAE099C26EA5}.Debug|iPhoneSimulator.ActiveCfg = Debug|iPhoneSimulator
		{19484A69-3F46-4C09-BB1C-AAE099C26EA5}.Debug|iPhoneSimulator.Build.0 = Debug|iPhoneSimulator
		{19484A69-3F46-4C09-BB1C-AAE099C26EA5}.Release|iPhoneSimulator.ActiveCfg = Release|iPhoneSimulator
		{19484A69-3F46-4C09-BB1C-AAE099C26EA5}.Release|iPhoneSimulator.Build.0 = Release|iPhoneSimulator
		{19484A69-3F46-4C09-BB1C-AAE099C26EA5}.Debug|iPhone.ActiveCfg = Debug|iPhone
		{19484A69-3F46-4C09-BB1C-AAE099C26EA5}.Debug|iPhone.Build.0 = Debug|iPhone
		{19484A69-3F46-4C09-BB1C-AAE099C26EA5}.Release|iPhone.ActiveCfg = Release|iPhone
		{19484A69-3F46-4C09-BB1C-AAE099C26EA5}.Release|iPhone.Build.0 = Release|iPhone
		{19484A69-3F46-4C09-BB1C-AAE099C26EA5}.Ad-Hoc|iPhone.ActiveCfg = Ad-Hoc|iPhone
		{19484A69-3F46-4C09-BB1C-AAE099C26EA5}.Ad-Hoc|iPhone.Build.0 = Ad-Hoc|iPhone
		{19484A69-3F46-4C09-BB1C-AAE099C26EA5}.AppStore|iPhone.ActiveCfg = AppStore|iPhone
		{19484A69-3F46-4C09-BB1C-AAE099C26EA5}.AppStore|iPhone.Build.0 = AppStore|iPhone
		{033E4BD7-8B99-4065-9A99-49C4FB8F8846}.Debug|Any CPU.ActiveCfg = Debug|Any CPU
		{033E4BD7-8B99-4065-9A99-49C4FB8F8846}.Debug|Any CPU.Build.0 = Debug|Any CPU
		{033E4BD7-8B99-4065-9A99-49C4FB8F8846}.Release|Any CPU.ActiveCfg = Release|Any CPU
		{033E4BD7-8B99-4065-9A99-49C4FB8F8846}.Release|Any CPU.Build.0 = Release|Any CPU
		{033E4BD7-8B99-4065-9A99-49C4FB8F8846}.Debug|iPhoneSimulator.ActiveCfg = Debug|Any CPU
		{033E4BD7-8B99-4065-9A99-49C4FB8F8846}.Debug|iPhoneSimulator.Build.0 = Debug|Any CPU
		{033E4BD7-8B99-4065-9A99-49C4FB8F8846}.Release|iPhoneSimulator.ActiveCfg = Release|Any CPU
		{033E4BD7-8B99-4065-9A99-49C4FB8F8846}.Release|iPhoneSimulator.Build.0 = Release|Any CPU
		{033E4BD7-8B99-4065-9A99-49C4FB8F8846}.Debug|iPhone.ActiveCfg = Debug|Any CPU
		{033E4BD7-8B99-4065-9A99-49C4FB8F8846}.Debug|iPhone.Build.0 = Debug|Any CPU
		{033E4BD7-8B99-4065-9A99-49C4FB8F8846}.Release|iPhone.ActiveCfg = Release|Any CPU
		{033E4BD7-8B99-4065-9A99-49C4FB8F8846}.Release|iPhone.Build.0 = Release|Any CPU
		{033E4BD7-8B99-4065-9A99-49C4FB8F8846}.Ad-Hoc|iPhone.ActiveCfg = Debug|Any CPU
		{033E4BD7-8B99-4065-9A99-49C4FB8F8846}.Ad-Hoc|iPhone.Build.0 = Debug|Any CPU
		{033E4BD7-8B99-4065-9A99-49C4FB8F8846}.AppStore|iPhone.ActiveCfg = Debug|Any CPU
		{033E4BD7-8B99-4065-9A99-49C4FB8F8846}.AppStore|iPhone.Build.0 = Debug|Any CPU
	EndGlobalSection
EndGlobal
